
Microsoft Visual Studio Solution File, Format Version 12.00
# Visual Studio Version 17
VisualStudioVersion = 17.7.34024.191
MinimumVisualStudioVersion = 10.0.40219.1
Project("{9A19103F-16F7-4668-BE54-9A1E7A4F7556}") = "OJW45A_HFT_2023241.Client", "OJW45A_HFT_2023241.Client\OJW45A_HFT_2023241.Client.csproj", "{BA5B5216-19C4-4E6A-B553-D06BF0D18922}"
EndProject
Project("{9A19103F-16F7-4668-BE54-9A1E7A4F7556}") = "OJW45A_HFT_2023241.Models", "OJW45A_HFT_2023241.Models\OJW45A_HFT_2023241.Models.csproj", "{ADB1EDD1-A6A5-428A-A1EF-E25AF9BD8A9C}"
EndProject
Project("{9A19103F-16F7-4668-BE54-9A1E7A4F7556}") = "OJW45A_HFT_2023241.Logic", "OJW45A_HFT_2023241.Logic\OJW45A_HFT_2023241.Logic.csproj", "{B7BAC0DA-4E1E-49D3-AD88-86C8AD1C1DFC}"
EndProject
Project("{9A19103F-16F7-4668-BE54-9A1E7A4F7556}") = "OJW45A_HFT_2023241.Repository", "OJW45A_HFT_2023241.Repository\OJW45A_HFT_2023241.Repository.csproj", "{2EEBD69C-09A3-4316-A5E3-CE7EAFCB0704}"
EndProject
Project("{9A19103F-16F7-4668-BE54-9A1E7A4F7556}") = "OJW45A_HFT_2023241.Test", "OJW45A_HFT_2023241.Test\OJW45A_HFT_2023241.Test.csproj", "{872D2338-E943-4D44-97D6-01EDFCDEBFD4}"
EndProject
Project("{2150E333-8FDC-42A3-9474-1A3956D46DE8}") = "Backend", "Backend", "{C97D2B16-BBAC-41AA-9709-4358E6D14126}"
EndProject
Project("{2150E333-8FDC-42A3-9474-1A3956D46DE8}") = "Frontend", "Frontend", "{499B9CE7-849C-4BBA-AEFB-58672F4CFA74}"
EndProject
Project("{2150E333-8FDC-42A3-9474-1A3956D46DE8}") = "Shared", "Shared", "{A0C0D4BC-8174-4CFB-907F-F38EDFC5E0A9}"
EndProject
Project("{2150E333-8FDC-42A3-9474-1A3956D46DE8}") = "Others", "Others", "{D0792F0D-4C99-4CA3-87BB-AC10ACC4CD0D}"
	ProjectSection(SolutionItems) = preProject
		.gitattributes = .gitattributes
		.gitignore = .gitignore
	EndProjectSection
EndProject
Global
	GlobalSection(SolutionConfigurationPlatforms) = preSolution
		Debug|Any CPU = Debug|Any CPU
		Release|Any CPU = Release|Any CPU
	EndGlobalSection
	GlobalSection(ProjectConfigurationPlatforms) = postSolution
		{BA5B5216-19C4-4E6A-B553-D06BF0D18922}.Debug|Any CPU.ActiveCfg = Debug|Any CPU
		{BA5B5216-19C4-4E6A-B553-D06BF0D18922}.Debug|Any CPU.Build.0 = Debug|Any CPU
		{BA5B5216-19C4-4E6A-B553-D06BF0D18922}.Release|Any CPU.ActiveCfg = Release|Any CPU
		{BA5B5216-19C4-4E6A-B553-D06BF0D18922}.Release|Any CPU.Build.0 = Release|Any CPU
		{ADB1EDD1-A6A5-428A-A1EF-E25AF9BD8A9C}.Debug|Any CPU.ActiveCfg = Debug|Any CPU
		{ADB1EDD1-A6A5-428A-A1EF-E25AF9BD8A9C}.Debug|Any CPU.Build.0 = Debug|Any CPU
		{ADB1EDD1-A6A5-428A-A1EF-E25AF9BD8A9C}.Release|Any CPU.ActiveCfg = Release|Any CPU
		{ADB1EDD1-A6A5-428A-A1EF-E25AF9BD8A9C}.Release|Any CPU.Build.0 = Release|Any CPU
		{B7BAC0DA-4E1E-49D3-AD88-86C8AD1C1DFC}.Debug|Any CPU.ActiveCfg = Debug|Any CPU
		{B7BAC0DA-4E1E-49D3-AD88-86C8AD1C1DFC}.Debug|Any CPU.Build.0 = Debug|Any CPU
		{B7BAC0DA-4E1E-49D3-AD88-86C8AD1C1DFC}.Release|Any CPU.ActiveCfg = Release|Any CPU
		{B7BAC0DA-4E1E-49D3-AD88-86C8AD1C1DFC}.Release|Any CPU.Build.0 = Release|Any CPU
		{2EEBD69C-09A3-4316-A5E3-CE7EAFCB0704}.Debug|Any CPU.ActiveCfg = Debug|Any CPU
		{2EEBD69C-09A3-4316-A5E3-CE7EAFCB0704}.Debug|Any CPU.Build.0 = Debug|Any CPU
		{2EEBD69C-09A3-4316-A5E3-CE7EAFCB0704}.Release|Any CPU.ActiveCfg = Release|Any CPU
		{2EEBD69C-09A3-4316-A5E3-CE7EAFCB0704}.Release|Any CPU.Build.0 = Release|Any CPU
		{872D2338-E943-4D44-97D6-01EDFCDEBFD4}.Debug|Any CPU.ActiveCfg = Debug|Any CPU
		{872D2338-E943-4D44-97D6-01EDFCDEBFD4}.Debug|Any CPU.Build.0 = Debug|Any CPU
		{872D2338-E943-4D44-97D6-01EDFCDEBFD4}.Release|Any CPU.ActiveCfg = Release|Any CPU
		{872D2338-E943-4D44-97D6-01EDFCDEBFD4}.Release|Any CPU.Build.0 = Release|Any CPU
	EndGlobalSection
	GlobalSection(SolutionProperties) = preSolution
		HideSolutionNode = FALSE
	EndGlobalSection
	GlobalSection(NestedProjects) = preSolution
		{BA5B5216-19C4-4E6A-B553-D06BF0D18922} = {499B9CE7-849C-4BBA-AEFB-58672F4CFA74}
		{ADB1EDD1-A6A5-428A-A1EF-E25AF9BD8A9C} = {A0C0D4BC-8174-4CFB-907F-F38EDFC5E0A9}
		{B7BAC0DA-4E1E-49D3-AD88-86C8AD1C1DFC} = {C97D2B16-BBAC-41AA-9709-4358E6D14126}
		{2EEBD69C-09A3-4316-A5E3-CE7EAFCB0704} = {C97D2B16-BBAC-41AA-9709-4358E6D14126}
		{872D2338-E943-4D44-97D6-01EDFCDEBFD4} = {C97D2B16-BBAC-41AA-9709-4358E6D14126}
	EndGlobalSection
	GlobalSection(ExtensibilityGlobals) = postSolution
		SolutionGuid = {CADC909A-51C7-4D09-A15C-52449D2E42C1}
	EndGlobalSection
EndGlobal
